
Microsoft Visual Studio Solution File, Format Version 12.00
# Visual Studio Version 16
VisualStudioVersion = 16.0.31005.135
MinimumVisualStudioVersion = 10.0.40219.1
Project("{FAE04EC0-301F-11D3-BF4B-00C04F79EFBC}") = "TP1", "TP1\TP1.csproj", "{EECA288B-30E0-4949-828F-384A1BBF5447}"
EndProject
Global
	GlobalSection(SolutionConfigurationPlatforms) = preSolution
		Debug|Any CPU = Debug|Any CPU
		Release|Any CPU = Release|Any CPU
	EndGlobalSection
	GlobalSection(ProjectConfigurationPlatforms) = postSolution
		{EECA288B-30E0-4949-828F-384A1BBF5447}.Debug|Any CPU.ActiveCfg = Debug|Any CPU
		{EECA288B-30E0-4949-828F-384A1BBF5447}.Debug|Any CPU.Build.0 = Debug|Any CPU
		{EECA288B-30E0-4949-828F-384A1BBF5447}.Release|Any CPU.ActiveCfg = Release|Any CPU
		{EECA288B-30E0-4949-828F-384A1BBF5447}.Release|Any CPU.Build.0 = Release|Any CPU
	EndGlobalSection
	GlobalSection(SolutionProperties) = preSolution
		HideSolutionNode = FALSE
	EndGlobalSection
	GlobalSection(ExtensibilityGlobals) = postSolution
		SolutionGuid = {7CBC05C4-60FC-42D4-93FA-D97B60B290C3}
	EndGlobalSection
EndGlobal
